
Microsoft Visual Studio Solution File, Format Version 12.00
# Visual Studio 15
VisualStudioVersion = 15.0.27703.2035
MinimumVisualStudioVersion = 10.0.40219.1
Project("{9A19103F-16F7-4668-BE54-9A1E7A4F7556}") = "Algebra.Web", "Algebra.Web\Algebra.Web.csproj", "{68EA64F0-FC24-473E-97D5-520FAFF43FCB}"
EndProject
Project("{9A19103F-16F7-4668-BE54-9A1E7A4F7556}") = "Algebra.Data", "Algebra.Data\Algebra.Data.csproj", "{F56B826C-3A16-48D2-8FD2-A766E3D54986}"
EndProject
Project("{9A19103F-16F7-4668-BE54-9A1E7A4F7556}") = "Algebra.Entities", "Algebra.Entities\Algebra.Entities.csproj", "{22F7F8AD-8E63-4751-A35F-9AB5DE8DC803}"
EndProject
Project("{FAE04EC0-301F-11D3-BF4B-00C04F79EFBC}") = "Algebra.Core", "Algebra.Core\Algebra.Core.csproj", "{B8353B1C-F773-40CB-8BCA-AACA28392BCE}"
EndProject
Global
	GlobalSection(SolutionConfigurationPlatforms) = preSolution
		Debug|Any CPU = Debug|Any CPU
		Release|Any CPU = Release|Any CPU
	EndGlobalSection
	GlobalSection(ProjectConfigurationPlatforms) = postSolution
		{68EA64F0-FC24-473E-97D5-520FAFF43FCB}.Debug|Any CPU.ActiveCfg = Debug|Any CPU
		{68EA64F0-FC24-473E-97D5-520FAFF43FCB}.Debug|Any CPU.Build.0 = Debug|Any CPU
		{68EA64F0-FC24-473E-97D5-520FAFF43FCB}.Release|Any CPU.ActiveCfg = Release|Any CPU
		{68EA64F0-FC24-473E-97D5-520FAFF43FCB}.Release|Any CPU.Build.0 = Release|Any CPU
		{F56B826C-3A16-48D2-8FD2-A766E3D54986}.Debug|Any CPU.ActiveCfg = Debug|Any CPU
		{F56B826C-3A16-48D2-8FD2-A766E3D54986}.Debug|Any CPU.Build.0 = Debug|Any CPU
		{F56B826C-3A16-48D2-8FD2-A766E3D54986}.Release|Any CPU.ActiveCfg = Release|Any CPU
		{F56B826C-3A16-48D2-8FD2-A766E3D54986}.Release|Any CPU.Build.0 = Release|Any CPU
		{22F7F8AD-8E63-4751-A35F-9AB5DE8DC803}.Debug|Any CPU.ActiveCfg = Debug|Any CPU
		{22F7F8AD-8E63-4751-A35F-9AB5DE8DC803}.Debug|Any CPU.Build.0 = Debug|Any CPU
		{22F7F8AD-8E63-4751-A35F-9AB5DE8DC803}.Release|Any CPU.ActiveCfg = Release|Any CPU
		{22F7F8AD-8E63-4751-A35F-9AB5DE8DC803}.Release|Any CPU.Build.0 = Release|Any CPU
		{B8353B1C-F773-40CB-8BCA-AACA28392BCE}.Debug|Any CPU.ActiveCfg = Debug|Any CPU
		{B8353B1C-F773-40CB-8BCA-AACA28392BCE}.Debug|Any CPU.Build.0 = Debug|Any CPU
		{B8353B1C-F773-40CB-8BCA-AACA28392BCE}.Release|Any CPU.ActiveCfg = Release|Any CPU
		{B8353B1C-F773-40CB-8BCA-AACA28392BCE}.Release|Any CPU.Build.0 = Release|Any CPU
	EndGlobalSection
	GlobalSection(SolutionProperties) = preSolution
		HideSolutionNode = FALSE
	EndGlobalSection
	GlobalSection(ExtensibilityGlobals) = postSolution
		SolutionGuid = {7C729D5F-6852-41D9-A9CF-7456FE4CAAB7}
	EndGlobalSection
EndGlobal
